Microsoft Visual Studio Solution File, Format Version 12.00
# Visual Studio Version 17
VisualStudioVersion = 17.5.2.0
MinimumVisualStudioVersion = 10.0.40219.1
Project("{FAE04EC0-301F-11D3-BF4B-00C04F79EFBC}") = "ClasseAgendaBancaria", "ClasseAgendaBancaria.csproj", "{3DAF6149-98ED-7EB4-3DBC-0D89BE097143}"
EndProject
Global
	GlobalSection(SolutionConfigurationPlatforms) = preSolution
		Debug|Any CPU = Debug|Any CPU
		Release|Any CPU = Release|Any CPU
	EndGlobalSection
	GlobalSection(ProjectConfigurationPlatforms) = postSolution
		{3DAF6149-98ED-7EB4-3DBC-0D89BE097143}.Debug|Any CPU.ActiveCfg = Debug|Any CPU
		{3DAF6149-98ED-7EB4-3DBC-0D89BE097143}.Debug|Any CPU.Build.0 = Debug|Any CPU
		{3DAF6149-98ED-7EB4-3DBC-0D89BE097143}.Release|Any CPU.ActiveCfg = Release|Any CPU
		{3DAF6149-98ED-7EB4-3DBC-0D89BE097143}.Release|Any CPU.Build.0 = Release|Any CPU
	EndGlobalSection
	GlobalSection(SolutionProperties) = preSolution
		HideSolutionNode = FALSE
	EndGlobalSection
	GlobalSection(ExtensibilityGlobals) = postSolution
		SolutionGuid = {1B09B395-045B-4EBD-811F-44859EF01EB8}
	EndGlobalSection
EndGlobal
